
Microsoft Visual Studio Solution File, Format Version 12.00
# Visual Studio Version 17
VisualStudioVersion = 17.11.35327.3
MinimumVisualStudioVersion = 10.0.40219.1
Project("{F184B08F-C81C-45F6-A57F-5ABD9991F28F}") = "SQL_Crud_demo1", "SQL_Crud_demo1\SQL_Crud_demo1.vbproj", "{87CAB308-D063-413B-AAC8-5943324FE276}"
EndProject
Global
	GlobalSection(SolutionConfigurationPlatforms) = preSolution
		Debug|Any CPU = Debug|Any CPU
		Release|Any CPU = Release|Any CPU
	EndGlobalSection
	GlobalSection(ProjectConfigurationPlatforms) = postSolution
		{87CAB308-D063-413B-AAC8-5943324FE276}.Debug|Any CPU.ActiveCfg = Debug|Any CPU
		{87CAB308-D063-413B-AAC8-5943324FE276}.Debug|Any CPU.Build.0 = Debug|Any CPU
		{87CAB308-D063-413B-AAC8-5943324FE276}.Release|Any CPU.ActiveCfg = Release|Any CPU
		{87CAB308-D063-413B-AAC8-5943324FE276}.Release|Any CPU.Build.0 = Release|Any CPU
	EndGlobalSection
	GlobalSection(SolutionProperties) = preSolution
		HideSolutionNode = FALSE
	EndGlobalSection
	GlobalSection(ExtensibilityGlobals) = postSolution
		SolutionGuid = {51D56D10-FF20-4DEB-9275-35246CC679ED}
	EndGlobalSection
EndGlobal
